
Microsoft Visual Studio Solution File, Format Version 12.00
# Visual Studio 2012
Project("{FAE04EC0-301F-11D3-BF4B-00C04F79EFBC}") = "ExercicioTDDFizzBuzz", "ExercicioTDDFizzBuzz\ExercicioTDDFizzBuzz.csproj", "{14EE0B4C-D654-4DCC-8B9B-69FCB5A4BF47}"
EndProject
Project("{FAE04EC0-301F-11D3-BF4B-00C04F79EFBC}") = "AplicacaoTesteExercicioFizzBuzz", "AplicacaoTesteExercicioFizzBuzz\AplicacaoTesteExercicioFizzBuzz.csproj", "{9BFC4FA4-9285-4788-B070-595B1B709A31}"
EndProject
Global
	GlobalSection(SolutionConfigurationPlatforms) = preSolution
		Debug|Any CPU = Debug|Any CPU
		Release|Any CPU = Release|Any CPU
	EndGlobalSection
	GlobalSection(ProjectConfigurationPlatforms) = postSolution
		{14EE0B4C-D654-4DCC-8B9B-69FCB5A4BF47}.Debug|Any CPU.ActiveCfg = Debug|Any CPU
		{14EE0B4C-D654-4DCC-8B9B-69FCB5A4BF47}.Debug|Any CPU.Build.0 = Debug|Any CPU
		{14EE0B4C-D654-4DCC-8B9B-69FCB5A4BF47}.Release|Any CPU.ActiveCfg = Release|Any CPU
		{14EE0B4C-D654-4DCC-8B9B-69FCB5A4BF47}.Release|Any CPU.Build.0 = Release|Any CPU
		{9BFC4FA4-9285-4788-B070-595B1B709A31}.Debug|Any CPU.ActiveCfg = Debug|Any CPU
		{9BFC4FA4-9285-4788-B070-595B1B709A31}.Debug|Any CPU.Build.0 = Debug|Any CPU
		{9BFC4FA4-9285-4788-B070-595B1B709A31}.Release|Any CPU.ActiveCfg = Release|Any CPU
		{9BFC4FA4-9285-4788-B070-595B1B709A31}.Release|Any CPU.Build.0 = Release|Any CPU
	EndGlobalSection
	GlobalSection(SolutionProperties) = preSolution
		HideSolutionNode = FALSE
	EndGlobalSection
EndGlobal
