
Microsoft Visual Studio Solution File, Format Version 12.00
# Visual Studio 2013
VisualStudioVersion = 12.0.30501.0
MinimumVisualStudioVersion = 10.0.40219.1
Project("{FAE04EC0-301F-11D3-BF4B-00C04F79EFBC}") = "ProblemaFizzBuzzComTDDTurmaOnline4", "ProblemaFizzBuzzComTDDTurmaOnline4.csproj", "{0156852B-FC4D-4F8B-AC33-F7A2B3CE6FAB}"
EndProject
Project("{FAE04EC0-301F-11D3-BF4B-00C04F79EFBC}") = "Dominio", "..\Dominio\Dominio.csproj", "{982440FE-283A-4208-9465-BD040571C283}"
EndProject
Global
	GlobalSection(SolutionConfigurationPlatforms) = preSolution
		Debug|Any CPU = Debug|Any CPU
		Release|Any CPU = Release|Any CPU
	EndGlobalSection
	GlobalSection(ProjectConfigurationPlatforms) = postSolution
		{0156852B-FC4D-4F8B-AC33-F7A2B3CE6FAB}.Debug|Any CPU.ActiveCfg = Debug|Any CPU
		{0156852B-FC4D-4F8B-AC33-F7A2B3CE6FAB}.Debug|Any CPU.Build.0 = Debug|Any CPU
		{0156852B-FC4D-4F8B-AC33-F7A2B3CE6FAB}.Release|Any CPU.ActiveCfg = Release|Any CPU
		{0156852B-FC4D-4F8B-AC33-F7A2B3CE6FAB}.Release|Any CPU.Build.0 = Release|Any CPU
		{982440FE-283A-4208-9465-BD040571C283}.Debug|Any CPU.ActiveCfg = Debug|Any CPU
		{982440FE-283A-4208-9465-BD040571C283}.Debug|Any CPU.Build.0 = Debug|Any CPU
		{982440FE-283A-4208-9465-BD040571C283}.Release|Any CPU.ActiveCfg = Release|Any CPU
		{982440FE-283A-4208-9465-BD040571C283}.Release|Any CPU.Build.0 = Release|Any CPU
	EndGlobalSection
	GlobalSection(SolutionProperties) = preSolution
		HideSolutionNode = FALSE
	EndGlobalSection
EndGlobal
