
Microsoft Visual Studio Solution File, Format Version 12.00
# Visual Studio 14
VisualStudioVersion = 14.0.23107.0
MinimumVisualStudioVersion = 10.0.40219.1
Project("{FAE04EC0-301F-11D3-BF4B-00C04F79EFBC}") = "ExercicioProfessorModelagemOO", "ExercicioProfessorModelagemOO.csproj", "{A36AEDF7-B33C-4DF5-BFCA-161818B28602}"
EndProject
Project("{FAE04EC0-301F-11D3-BF4B-00C04F79EFBC}") = "AppTeste", "..\AppTeste\AppTeste.csproj", "{119B792E-CAD7-4831-83BC-594FB9B6C5B4}"
EndProject
Global
	GlobalSection(SolutionConfigurationPlatforms) = preSolution
		Debug|Any CPU = Debug|Any CPU
		Release|Any CPU = Release|Any CPU
	EndGlobalSection
	GlobalSection(ProjectConfigurationPlatforms) = postSolution
		{A36AEDF7-B33C-4DF5-BFCA-161818B28602}.Debug|Any CPU.ActiveCfg = Debug|Any CPU
		{A36AEDF7-B33C-4DF5-BFCA-161818B28602}.Debug|Any CPU.Build.0 = Debug|Any CPU
		{A36AEDF7-B33C-4DF5-BFCA-161818B28602}.Release|Any CPU.ActiveCfg = Release|Any CPU
		{A36AEDF7-B33C-4DF5-BFCA-161818B28602}.Release|Any CPU.Build.0 = Release|Any CPU
		{119B792E-CAD7-4831-83BC-594FB9B6C5B4}.Debug|Any CPU.ActiveCfg = Debug|Any CPU
		{119B792E-CAD7-4831-83BC-594FB9B6C5B4}.Debug|Any CPU.Build.0 = Debug|Any CPU
		{119B792E-CAD7-4831-83BC-594FB9B6C5B4}.Release|Any CPU.ActiveCfg = Release|Any CPU
		{119B792E-CAD7-4831-83BC-594FB9B6C5B4}.Release|Any CPU.Build.0 = Release|Any CPU
	EndGlobalSection
	GlobalSection(SolutionProperties) = preSolution
		HideSolutionNode = FALSE
	EndGlobalSection
EndGlobal
