
Microsoft Visual Studio Solution File, Format Version 12.00
# Visual Studio 2012
Project("{FAE04EC0-301F-11D3-BF4B-00C04F79EFBC}") = "SistemaDeGestaoDeCarteriaDeAcoes", "SistemaDeGestaoDeCarteriaDeAcoes\SistemaDeGestaoDeCarteriaDeAcoes.csproj", "{DD6B3B90-C85A-49CB-B98A-00CB555CB5BF}"
EndProject
Project("{FAE04EC0-301F-11D3-BF4B-00C04F79EFBC}") = "SistemaDeGestaoDeCarteriaDeAcoes.Tests", "SistemaDeGestaoDeCarteriaDeAcoes.Tests\SistemaDeGestaoDeCarteriaDeAcoes.Tests.csproj", "{221F6AE7-0A13-4533-92DD-7961F761C12B}"
EndProject
Project("{FAE04EC0-301F-11D3-BF4B-00C04F79EFBC}") = "Domain", "Domain\Domain.csproj", "{AF6A5F38-CD03-40B2-893D-500E6D92E3E1}"
EndProject
Project("{FAE04EC0-301F-11D3-BF4B-00C04F79EFBC}") = "Infraestrutura", "Infraestrutura\Infraestrutura.csproj", "{92FF217C-BF07-4F3A-A806-2A88F998E96C}"
EndProject
Project("{2150E333-8FDC-42A3-9474-1A3956D46DE8}") = "Solution Items", "Solution Items", "{6C9154E5-72FD-4BBA-B416-66702CFAC769}"
	ProjectSection(SolutionItems) = preProject
		..\..\..\..\Desktop\SQLAULA.sql = ..\..\..\..\Desktop\SQLAULA.sql
	EndProjectSection
EndProject
Project("{FAE04EC0-301F-11D3-BF4B-00C04F79EFBC}") = "SistemaDeGestaoDeAcoesMVP", "SistemaDeGestaoDeAcoesMVP\SistemaDeGestaoDeAcoesMVP.csproj", "{5D6B286A-993E-4354-9CC6-DD63AFFADD0C}"
EndProject
Global
	GlobalSection(SolutionConfigurationPlatforms) = preSolution
		Debug|Any CPU = Debug|Any CPU
		Debug|Mixed Platforms = Debug|Mixed Platforms
		Debug|x86 = Debug|x86
		Release|Any CPU = Release|Any CPU
		Release|Mixed Platforms = Release|Mixed Platforms
		Release|x86 = Release|x86
	EndGlobalSection
	GlobalSection(ProjectConfigurationPlatforms) = postSolution
		{DD6B3B90-C85A-49CB-B98A-00CB555CB5BF}.Debug|Any CPU.ActiveCfg = Debug|Any CPU
		{DD6B3B90-C85A-49CB-B98A-00CB555CB5BF}.Debug|Any CPU.Build.0 = Debug|Any CPU
		{DD6B3B90-C85A-49CB-B98A-00CB555CB5BF}.Debug|Mixed Platforms.ActiveCfg = Debug|Any CPU
		{DD6B3B90-C85A-49CB-B98A-00CB555CB5BF}.Debug|Mixed Platforms.Build.0 = Debug|Any CPU
		{DD6B3B90-C85A-49CB-B98A-00CB555CB5BF}.Debug|x86.ActiveCfg = Debug|Any CPU
		{DD6B3B90-C85A-49CB-B98A-00CB555CB5BF}.Release|Any CPU.ActiveCfg = Release|Any CPU
		{DD6B3B90-C85A-49CB-B98A-00CB555CB5BF}.Release|Any CPU.Build.0 = Release|Any CPU
		{DD6B3B90-C85A-49CB-B98A-00CB555CB5BF}.Release|Mixed Platforms.ActiveCfg = Release|Any CPU
		{DD6B3B90-C85A-49CB-B98A-00CB555CB5BF}.Release|Mixed Platforms.Build.0 = Release|Any CPU
		{DD6B3B90-C85A-49CB-B98A-00CB555CB5BF}.Release|x86.ActiveCfg = Release|Any CPU
		{221F6AE7-0A13-4533-92DD-7961F761C12B}.Debug|Any CPU.ActiveCfg = Debug|Any CPU
		{221F6AE7-0A13-4533-92DD-7961F761C12B}.Debug|Any CPU.Build.0 = Debug|Any CPU
		{221F6AE7-0A13-4533-92DD-7961F761C12B}.Debug|Mixed Platforms.ActiveCfg = Debug|Any CPU
		{221F6AE7-0A13-4533-92DD-7961F761C12B}.Debug|Mixed Platforms.Build.0 = Debug|Any CPU
		{221F6AE7-0A13-4533-92DD-7961F761C12B}.Debug|x86.ActiveCfg = Debug|Any CPU
		{221F6AE7-0A13-4533-92DD-7961F761C12B}.Release|Any CPU.ActiveCfg = Release|Any CPU
		{221F6AE7-0A13-4533-92DD-7961F761C12B}.Release|Any CPU.Build.0 = Release|Any CPU
		{221F6AE7-0A13-4533-92DD-7961F761C12B}.Release|Mixed Platforms.ActiveCfg = Release|Any CPU
		{221F6AE7-0A13-4533-92DD-7961F761C12B}.Release|Mixed Platforms.Build.0 = Release|Any CPU
		{221F6AE7-0A13-4533-92DD-7961F761C12B}.Release|x86.ActiveCfg = Release|Any CPU
		{AF6A5F38-CD03-40B2-893D-500E6D92E3E1}.Debug|Any CPU.ActiveCfg = Debug|Any CPU
		{AF6A5F38-CD03-40B2-893D-500E6D92E3E1}.Debug|Any CPU.Build.0 = Debug|Any CPU
		{AF6A5F38-CD03-40B2-893D-500E6D92E3E1}.Debug|Mixed Platforms.ActiveCfg = Debug|Any CPU
		{AF6A5F38-CD03-40B2-893D-500E6D92E3E1}.Debug|Mixed Platforms.Build.0 = Debug|Any CPU
		{AF6A5F38-CD03-40B2-893D-500E6D92E3E1}.Debug|x86.ActiveCfg = Debug|Any CPU
		{AF6A5F38-CD03-40B2-893D-500E6D92E3E1}.Release|Any CPU.ActiveCfg = Release|Any CPU
		{AF6A5F38-CD03-40B2-893D-500E6D92E3E1}.Release|Any CPU.Build.0 = Release|Any CPU
		{AF6A5F38-CD03-40B2-893D-500E6D92E3E1}.Release|Mixed Platforms.ActiveCfg = Release|Any CPU
		{AF6A5F38-CD03-40B2-893D-500E6D92E3E1}.Release|Mixed Platforms.Build.0 = Release|Any CPU
		{AF6A5F38-CD03-40B2-893D-500E6D92E3E1}.Release|x86.ActiveCfg = Release|Any CPU
		{92FF217C-BF07-4F3A-A806-2A88F998E96C}.Debug|Any CPU.ActiveCfg = Debug|Any CPU
		{92FF217C-BF07-4F3A-A806-2A88F998E96C}.Debug|Any CPU.Build.0 = Debug|Any CPU
		{92FF217C-BF07-4F3A-A806-2A88F998E96C}.Debug|Mixed Platforms.ActiveCfg = Debug|Any CPU
		{92FF217C-BF07-4F3A-A806-2A88F998E96C}.Debug|Mixed Platforms.Build.0 = Debug|Any CPU
		{92FF217C-BF07-4F3A-A806-2A88F998E96C}.Debug|x86.ActiveCfg = Debug|Any CPU
		{92FF217C-BF07-4F3A-A806-2A88F998E96C}.Release|Any CPU.ActiveCfg = Release|Any CPU
		{92FF217C-BF07-4F3A-A806-2A88F998E96C}.Release|Any CPU.Build.0 = Release|Any CPU
		{92FF217C-BF07-4F3A-A806-2A88F998E96C}.Release|Mixed Platforms.ActiveCfg = Release|Any CPU
		{92FF217C-BF07-4F3A-A806-2A88F998E96C}.Release|Mixed Platforms.Build.0 = Release|Any CPU
		{92FF217C-BF07-4F3A-A806-2A88F998E96C}.Release|x86.ActiveCfg = Release|Any CPU
		{5D6B286A-993E-4354-9CC6-DD63AFFADD0C}.Debug|Any CPU.ActiveCfg = Debug|Any CPU
		{5D6B286A-993E-4354-9CC6-DD63AFFADD0C}.Debug|Any CPU.Build.0 = Debug|Any CPU
		{5D6B286A-993E-4354-9CC6-DD63AFFADD0C}.Debug|Mixed Platforms.ActiveCfg = Debug|Any CPU
		{5D6B286A-993E-4354-9CC6-DD63AFFADD0C}.Debug|Mixed Platforms.Build.0 = Debug|Any CPU
		{5D6B286A-993E-4354-9CC6-DD63AFFADD0C}.Debug|x86.ActiveCfg = Debug|Any CPU
		{5D6B286A-993E-4354-9CC6-DD63AFFADD0C}.Release|Any CPU.ActiveCfg = Release|Any CPU
		{5D6B286A-993E-4354-9CC6-DD63AFFADD0C}.Release|Any CPU.Build.0 = Release|Any CPU
		{5D6B286A-993E-4354-9CC6-DD63AFFADD0C}.Release|Mixed Platforms.ActiveCfg = Release|Any CPU
		{5D6B286A-993E-4354-9CC6-DD63AFFADD0C}.Release|Mixed Platforms.Build.0 = Release|Any CPU
		{5D6B286A-993E-4354-9CC6-DD63AFFADD0C}.Release|x86.ActiveCfg = Release|Any CPU
	EndGlobalSection
	GlobalSection(SolutionProperties) = preSolution
		HideSolutionNode = FALSE
	EndGlobalSection
EndGlobal
