
Microsoft Visual Studio Solution File, Format Version 12.00
# Visual Studio 2013
VisualStudioVersion = 12.0.30501.0
MinimumVisualStudioVersion = 10.0.40219.1
Project("{FAE04EC0-301F-11D3-BF4B-00C04F79EFBC}") = "MBCORPHealthTests", "MBCORPHealthTests\MBCORPHealthTests.csproj", "{1B361E94-8C3A-4AEA-BA88-0F2C5018E309}"
EndProject
Project("{FAE04EC0-301F-11D3-BF4B-00C04F79EFBC}") = "TestesUnitarios", "TestesUnitarios\TestesUnitarios.csproj", "{61A5ACAE-90F9-4302-B03C-D7487802549D}"
EndProject
Project("{FAE04EC0-301F-11D3-BF4B-00C04F79EFBC}") = "TestesIntegrados", "TestesIntegrados\TestesIntegrados.csproj", "{B1BE502A-8D47-471C-9806-150608BBCE7D}"
EndProject
Project("{FAE04EC0-301F-11D3-BF4B-00C04F79EFBC}") = "SistemaMBCORPHealthTests", "SistemaMBCORPHealthTests\SistemaMBCORPHealthTests.csproj", "{93FC2DF6-505C-4359-B377-6158B2F8D502}"
EndProject
Project("{FAE04EC0-301F-11D3-BF4B-00C04F79EFBC}") = "SistemaMBCORPHealthTestsWeb", "SistemaMBCORPHealthTestsWeb\SistemaMBCORPHealthTestsWeb.csproj", "{85D60D59-CE71-4A80-A1DF-44E65E9F3C15}"
EndProject
Project("{FAE04EC0-301F-11D3-BF4B-00C04F79EFBC}") = "MBCorpWindows", "MBCorpWindows\MBCorpWindows.csproj", "{AECABBCC-CA55-41C5-B6E0-3A8D030FE778}"
EndProject
Project("{FAE04EC0-301F-11D3-BF4B-00C04F79EFBC}") = "MVC", "MVC\MVC.csproj", "{285C06A1-9306-473D-A280-1DE70D01C700}"
EndProject
Project("{FAE04EC0-301F-11D3-BF4B-00C04F79EFBC}") = "MVC.Tests", "MVC.Tests\MVC.Tests.csproj", "{5B09ACF2-1888-4838-8C13-623B0BBD122F}"
EndProject
Global
	GlobalSection(SolutionConfigurationPlatforms) = preSolution
		Debug|Any CPU = Debug|Any CPU
		Release|Any CPU = Release|Any CPU
	EndGlobalSection
	GlobalSection(ProjectConfigurationPlatforms) = postSolution
		{1B361E94-8C3A-4AEA-BA88-0F2C5018E309}.Debug|Any CPU.ActiveCfg = Debug|Any CPU
		{1B361E94-8C3A-4AEA-BA88-0F2C5018E309}.Debug|Any CPU.Build.0 = Debug|Any CPU
		{1B361E94-8C3A-4AEA-BA88-0F2C5018E309}.Release|Any CPU.ActiveCfg = Release|Any CPU
		{1B361E94-8C3A-4AEA-BA88-0F2C5018E309}.Release|Any CPU.Build.0 = Release|Any CPU
		{61A5ACAE-90F9-4302-B03C-D7487802549D}.Debug|Any CPU.ActiveCfg = Debug|Any CPU
		{61A5ACAE-90F9-4302-B03C-D7487802549D}.Debug|Any CPU.Build.0 = Debug|Any CPU
		{61A5ACAE-90F9-4302-B03C-D7487802549D}.Release|Any CPU.ActiveCfg = Release|Any CPU
		{61A5ACAE-90F9-4302-B03C-D7487802549D}.Release|Any CPU.Build.0 = Release|Any CPU
		{B1BE502A-8D47-471C-9806-150608BBCE7D}.Debug|Any CPU.ActiveCfg = Debug|Any CPU
		{B1BE502A-8D47-471C-9806-150608BBCE7D}.Debug|Any CPU.Build.0 = Debug|Any CPU
		{B1BE502A-8D47-471C-9806-150608BBCE7D}.Release|Any CPU.ActiveCfg = Release|Any CPU
		{B1BE502A-8D47-471C-9806-150608BBCE7D}.Release|Any CPU.Build.0 = Release|Any CPU
		{93FC2DF6-505C-4359-B377-6158B2F8D502}.Debug|Any CPU.ActiveCfg = Debug|Any CPU
		{93FC2DF6-505C-4359-B377-6158B2F8D502}.Debug|Any CPU.Build.0 = Debug|Any CPU
		{93FC2DF6-505C-4359-B377-6158B2F8D502}.Release|Any CPU.ActiveCfg = Release|Any CPU
		{93FC2DF6-505C-4359-B377-6158B2F8D502}.Release|Any CPU.Build.0 = Release|Any CPU
		{85D60D59-CE71-4A80-A1DF-44E65E9F3C15}.Debug|Any CPU.ActiveCfg = Debug|Any CPU
		{85D60D59-CE71-4A80-A1DF-44E65E9F3C15}.Debug|Any CPU.Build.0 = Debug|Any CPU
		{85D60D59-CE71-4A80-A1DF-44E65E9F3C15}.Release|Any CPU.ActiveCfg = Release|Any CPU
		{85D60D59-CE71-4A80-A1DF-44E65E9F3C15}.Release|Any CPU.Build.0 = Release|Any CPU
		{AECABBCC-CA55-41C5-B6E0-3A8D030FE778}.Debug|Any CPU.ActiveCfg = Debug|Any CPU
		{AECABBCC-CA55-41C5-B6E0-3A8D030FE778}.Debug|Any CPU.Build.0 = Debug|Any CPU
		{AECABBCC-CA55-41C5-B6E0-3A8D030FE778}.Release|Any CPU.ActiveCfg = Release|Any CPU
		{AECABBCC-CA55-41C5-B6E0-3A8D030FE778}.Release|Any CPU.Build.0 = Release|Any CPU
		{285C06A1-9306-473D-A280-1DE70D01C700}.Debug|Any CPU.ActiveCfg = Debug|Any CPU
		{285C06A1-9306-473D-A280-1DE70D01C700}.Debug|Any CPU.Build.0 = Debug|Any CPU
		{285C06A1-9306-473D-A280-1DE70D01C700}.Release|Any CPU.ActiveCfg = Release|Any CPU
		{285C06A1-9306-473D-A280-1DE70D01C700}.Release|Any CPU.Build.0 = Release|Any CPU
		{5B09ACF2-1888-4838-8C13-623B0BBD122F}.Debug|Any CPU.ActiveCfg = Debug|Any CPU
		{5B09ACF2-1888-4838-8C13-623B0BBD122F}.Debug|Any CPU.Build.0 = Debug|Any CPU
		{5B09ACF2-1888-4838-8C13-623B0BBD122F}.Release|Any CPU.ActiveCfg = Release|Any CPU
		{5B09ACF2-1888-4838-8C13-623B0BBD122F}.Release|Any CPU.Build.0 = Release|Any CPU
	EndGlobalSection
	GlobalSection(SolutionProperties) = preSolution
		HideSolutionNode = FALSE
	EndGlobalSection
EndGlobal
