
Microsoft Visual Studio Solution File, Format Version 12.00
# Visual Studio 2012
Project("{2150E333-8FDC-42A3-9474-1A3956D46DE8}") = "OOP", "OOP", "{FBA0596D-3A85-42A9-B61D-869B24022FE8}"
EndProject
Project("{2150E333-8FDC-42A3-9474-1A3956D46DE8}") = "SOLID", "SOLID", "{3832B8F9-9120-45EE-90F8-8FFBAF24CB1F}"
EndProject
Project("{2150E333-8FDC-42A3-9474-1A3956D46DE8}") = "Herança", "Herança", "{AC7ABA8E-22C3-4A0F-BABE-E091843295A7}"
EndProject
Project("{FAE04EC0-301F-11D3-BF4B-00C04F79EFBC}") = "Exemplos.OOP.Heranca.Simples1", "Exemplos.OOP.Heranca.Simples1\Exemplos.OOP.Heranca.Simples1.csproj", "{6B84E511-045B-4CED-B4F7-3111333035B3}"
EndProject
Project("{2150E333-8FDC-42A3-9474-1A3956D46DE8}") = "Polimorfismo", "Polimorfismo", "{CD276C3E-9A79-49BA-9374-B278D29CBD7F}"
EndProject
Project("{2150E333-8FDC-42A3-9474-1A3956D46DE8}") = "Encapsulamento", "Encapsulamento", "{EB717C98-C14B-4C3A-971A-2350D02F9BC3}"
EndProject
Project("{2150E333-8FDC-42A3-9474-1A3956D46DE8}") = "SRP", "SRP", "{11FFCCF0-F433-4DBC-B2F1-B5B5B6F7591D}"
EndProject
Project("{2150E333-8FDC-42A3-9474-1A3956D46DE8}") = "OCP", "OCP", "{D5F1E79E-7E5C-4622-B85F-3B8C8A6DF3A7}"
EndProject
Project("{FAE04EC0-301F-11D3-BF4B-00C04F79EFBC}") = "Exemplos.OOP.Encapsulamento.Simples1", "Exemplos.OOP.Encapsulamento.Simples1\Exemplos.OOP.Encapsulamento.Simples1.csproj", "{A5BB02BA-F380-433A-B5A8-D7CF838DDAD6}"
EndProject
Project("{2150E333-8FDC-42A3-9474-1A3956D46DE8}") = "Design Patterns", "Design Patterns", "{A3374EDF-73E7-41D0-A237-76DDA24E3379}"
EndProject
Project("{FAE04EC0-301F-11D3-BF4B-00C04F79EFBC}") = "Exemplos.Patterns.Factory", "Exemplos.Patterns.Factory\Exemplos.Patterns.Factory.csproj", "{8A6E4DA5-1054-4A33-8782-6ADF289A90DF}"
EndProject
Global
	GlobalSection(SolutionConfigurationPlatforms) = preSolution
		Debug|Any CPU = Debug|Any CPU
		Release|Any CPU = Release|Any CPU
	EndGlobalSection
	GlobalSection(ProjectConfigurationPlatforms) = postSolution
		{6B84E511-045B-4CED-B4F7-3111333035B3}.Debug|Any CPU.ActiveCfg = Debug|Any CPU
		{6B84E511-045B-4CED-B4F7-3111333035B3}.Debug|Any CPU.Build.0 = Debug|Any CPU
		{6B84E511-045B-4CED-B4F7-3111333035B3}.Release|Any CPU.ActiveCfg = Release|Any CPU
		{6B84E511-045B-4CED-B4F7-3111333035B3}.Release|Any CPU.Build.0 = Release|Any CPU
		{A5BB02BA-F380-433A-B5A8-D7CF838DDAD6}.Debug|Any CPU.ActiveCfg = Debug|Any CPU
		{A5BB02BA-F380-433A-B5A8-D7CF838DDAD6}.Debug|Any CPU.Build.0 = Debug|Any CPU
		{A5BB02BA-F380-433A-B5A8-D7CF838DDAD6}.Release|Any CPU.ActiveCfg = Release|Any CPU
		{A5BB02BA-F380-433A-B5A8-D7CF838DDAD6}.Release|Any CPU.Build.0 = Release|Any CPU
		{8A6E4DA5-1054-4A33-8782-6ADF289A90DF}.Debug|Any CPU.ActiveCfg = Debug|Any CPU
		{8A6E4DA5-1054-4A33-8782-6ADF289A90DF}.Debug|Any CPU.Build.0 = Debug|Any CPU
		{8A6E4DA5-1054-4A33-8782-6ADF289A90DF}.Release|Any CPU.ActiveCfg = Release|Any CPU
		{8A6E4DA5-1054-4A33-8782-6ADF289A90DF}.Release|Any CPU.Build.0 = Release|Any CPU
	EndGlobalSection
	GlobalSection(SolutionProperties) = preSolution
		HideSolutionNode = FALSE
	EndGlobalSection
	GlobalSection(NestedProjects) = preSolution
		{AC7ABA8E-22C3-4A0F-BABE-E091843295A7} = {FBA0596D-3A85-42A9-B61D-869B24022FE8}
		{CD276C3E-9A79-49BA-9374-B278D29CBD7F} = {FBA0596D-3A85-42A9-B61D-869B24022FE8}
		{EB717C98-C14B-4C3A-971A-2350D02F9BC3} = {FBA0596D-3A85-42A9-B61D-869B24022FE8}
		{11FFCCF0-F433-4DBC-B2F1-B5B5B6F7591D} = {3832B8F9-9120-45EE-90F8-8FFBAF24CB1F}
		{D5F1E79E-7E5C-4622-B85F-3B8C8A6DF3A7} = {3832B8F9-9120-45EE-90F8-8FFBAF24CB1F}
		{6B84E511-045B-4CED-B4F7-3111333035B3} = {AC7ABA8E-22C3-4A0F-BABE-E091843295A7}
		{A5BB02BA-F380-433A-B5A8-D7CF838DDAD6} = {EB717C98-C14B-4C3A-971A-2350D02F9BC3}
		{8A6E4DA5-1054-4A33-8782-6ADF289A90DF} = {A3374EDF-73E7-41D0-A237-76DDA24E3379}
	EndGlobalSection
EndGlobal
