
Microsoft Visual Studio Solution File, Format Version 12.00
# Visual Studio 2012
Project("{FAE04EC0-301F-11D3-BF4B-00C04F79EFBC}") = "ExemplosModulo2.SingletonCMD", "ExemplosModulo2\ExemplosModulo2.SingletonCMD.csproj", "{424F6D5B-B075-48BD-921B-0A7A0912209E}"
EndProject
Project("{FAE04EC0-301F-11D3-BF4B-00C04F79EFBC}") = "Singleton", "Singleton\Singleton.csproj", "{D07C3835-1CAE-4CF1-A26C-4AD80EDBE3B8}"
EndProject
Project("{FAE04EC0-301F-11D3-BF4B-00C04F79EFBC}") = "ExemplosModulo2.FactoryMethodCMD", "FactoryMethod\ExemplosModulo2.FactoryMethodCMD.csproj", "{7FF3FCF7-58F2-4AA3-AB60-0496BD300D72}"
EndProject
Project("{FAE04EC0-301F-11D3-BF4B-00C04F79EFBC}") = "FactoryMethodn", "FactoryMethodn\FactoryMethodn.csproj", "{D23422CD-DBFF-4F2D-96A2-5FF235261A0B}"
EndProject
Project("{FAE04EC0-301F-11D3-BF4B-00C04F79EFBC}") = "Adapter", "Adapter\Adapter.csproj", "{06823DA6-E8E7-4302-B857-AEABA466036E}"
EndProject
Project("{FAE04EC0-301F-11D3-BF4B-00C04F79EFBC}") = "ExemplosModulo2.AdapterCMD", "ExemplosModulo2.Adapter\ExemplosModulo2.AdapterCMD.csproj", "{1C547D65-D0E9-46DD-BC8C-1A1B908CE157}"
EndProject
Project("{FAE04EC0-301F-11D3-BF4B-00C04F79EFBC}") = "Decorator", "Decorator\Decorator.csproj", "{5DA9E20D-6155-40A5-A078-A6ED629DEA29}"
EndProject
Project("{FAE04EC0-301F-11D3-BF4B-00C04F79EFBC}") = "ExemplosModulo2.DecoratorCMD", "ExemplosModulo2.DecoratorCMD\ExemplosModulo2.DecoratorCMD.csproj", "{FDA552F7-A792-4F4E-AF3A-81626EC4C184}"
EndProject
Project("{FAE04EC0-301F-11D3-BF4B-00C04F79EFBC}") = "ExemplosModulo2.FacadeCMD", "ExemplosModulo2.Facade\ExemplosModulo2.FacadeCMD.csproj", "{1FED8D18-0BF6-4DE5-BC58-7C5DA8F5CA2D}"
EndProject
Project("{FAE04EC0-301F-11D3-BF4B-00C04F79EFBC}") = "Facade", "Facade\Facade.csproj", "{918C3DA9-67DC-43A5-9240-D1D5276447A8}"
EndProject
Project("{FAE04EC0-301F-11D3-BF4B-00C04F79EFBC}") = "Command", "Command\Command.csproj", "{5E2C2DDE-A08B-45B3-9DD5-5C05FF6A3B07}"
EndProject
Project("{FAE04EC0-301F-11D3-BF4B-00C04F79EFBC}") = "Observer", "Observer\Observer.csproj", "{4601CFB5-20CE-418E-9DB6-0622E9B38BA1}"
EndProject
Project("{FAE04EC0-301F-11D3-BF4B-00C04F79EFBC}") = "TemplateMethod", "TemplateMethod\TemplateMethod.csproj", "{1192185D-A16C-401E-8330-1941B7F115CD}"
EndProject
Project("{FAE04EC0-301F-11D3-BF4B-00C04F79EFBC}") = "ExercicioDecorator", "ExercicioDecorator\ExercicioDecorator.csproj", "{DD55D5D1-AFFC-4825-BBF7-E20230517A7E}"
EndProject
Project("{FAE04EC0-301F-11D3-BF4B-00C04F79EFBC}") = "TesteFormatacao", "TesteFormatacao\TesteFormatacao.csproj", "{2C15DC6E-501E-4284-9D66-393F67B1AC6C}"
EndProject
Project("{2150E333-8FDC-42A3-9474-1A3956D46DE8}") = "Solution Items", "Solution Items", "{42894799-8DE9-4D45-B13E-D97ABB46D9C6}"
	ProjectSection(SolutionItems) = preProject
		ExemplosModulo2.vsmdi = ExemplosModulo2.vsmdi
		Local.testsettings = Local.testsettings
		TraceAndTestImpact.testsettings = TraceAndTestImpact.testsettings
	EndProjectSection
EndProject
Project("{FAE04EC0-301F-11D3-BF4B-00C04F79EFBC}") = "ExemplosModulo2.CommandCMD", "ExemplosModulo2.Command\ExemplosModulo2.CommandCMD.csproj", "{8CED80E4-0775-4513-8875-32FB168A4830}"
EndProject
Project("{FAE04EC0-301F-11D3-BF4B-00C04F79EFBC}") = "ExemplosModulo2.ObserverCMD", "ExemplosModulo2.Observer\ExemplosModulo2.ObserverCMD.csproj", "{A79D9FD3-3D31-492E-97F2-FF016FFDAE1F}"
EndProject
Project("{FAE04EC0-301F-11D3-BF4B-00C04F79EFBC}") = "ExemplosModulo2.TemplateMethodCMD", "ExemplosModulo2.TemplateMethod\ExemplosModulo2.TemplateMethodCMD.csproj", "{FA223FCD-4D6C-4C06-9A7A-542E9284EBD6}"
EndProject
Project("{FAE04EC0-301F-11D3-BF4B-00C04F79EFBC}") = "Strategy", "Strategy\Strategy.csproj", "{C81FB03E-FE2C-40ED-9DC2-FA50E3F65985}"
EndProject
Project("{FAE04EC0-301F-11D3-BF4B-00C04F79EFBC}") = "ExemploModulo2.StrategyCMD", "ExemploModulo2.StrategyCMD\ExemploModulo2.StrategyCMD.csproj", "{6C3E2801-3132-421F-A2E0-CD12A992FA5E}"
EndProject
Project("{2150E333-8FDC-42A3-9474-1A3956D46DE8}") = "1.2. Factory", "1.2. Factory", "{0D6CAFA6-6A51-46B7-9699-9262139413B2}"
EndProject
Project("{2150E333-8FDC-42A3-9474-1A3956D46DE8}") = "1.1. Singleton", "1.1. Singleton", "{F5036284-37CF-48D7-B058-9F444072E331}"
EndProject
Project("{2150E333-8FDC-42A3-9474-1A3956D46DE8}") = "2.2. Decorator", "2.2. Decorator", "{F953475C-D813-49A5-8260-58C3605AD1E2}"
EndProject
Project("{2150E333-8FDC-42A3-9474-1A3956D46DE8}") = "2.1. Adapter", "2.1. Adapter", "{CF26A3B0-4191-4280-80BA-8507B3D36C04}"
EndProject
Project("{2150E333-8FDC-42A3-9474-1A3956D46DE8}") = "2.3. Facade", "2.3. Facade", "{65C289BC-584C-4703-AB20-089396B989E6}"
EndProject
Project("{2150E333-8FDC-42A3-9474-1A3956D46DE8}") = "3.1. Observer", "3.1. Observer", "{F440AE86-9FF9-49AB-A479-ED2EF092A715}"
EndProject
Project("{2150E333-8FDC-42A3-9474-1A3956D46DE8}") = "3.2. Template Method", "3.2. Template Method", "{E7187253-D402-4E5B-B278-B01C22F2A32E}"
EndProject
Project("{2150E333-8FDC-42A3-9474-1A3956D46DE8}") = "3.3. Strategy", "3.3. Strategy", "{7A93F87D-976A-4AFC-A6E1-CD9655AA7EB0}"
EndProject
Project("{2150E333-8FDC-42A3-9474-1A3956D46DE8}") = "1. Padrões de Criação", "1. Padrões de Criação", "{FAA994F4-7DAF-46AB-94A1-CBC0ABF07088}"
EndProject
Project("{2150E333-8FDC-42A3-9474-1A3956D46DE8}") = "2. Padrões Estruturais", "2. Padrões Estruturais", "{4A9D7176-6A0E-46BB-8C6E-23CFD7447A58}"
EndProject
Project("{2150E333-8FDC-42A3-9474-1A3956D46DE8}") = "3. Padrões Comportamentais", "3. Padrões Comportamentais", "{B7D54123-513D-4014-A810-0EFC01D95037}"
EndProject
Project("{2150E333-8FDC-42A3-9474-1A3956D46DE8}") = "3.4. Command", "3.4. Command", "{89BF32A9-C9FE-47D6-9F9C-74253B333F26}"
EndProject
Global
	GlobalSection(TestCaseManagementSettings) = postSolution
		CategoryFile = ExemplosModulo2.vsmdi
	EndGlobalSection
	GlobalSection(SolutionConfigurationPlatforms) = preSolution
		Debug|Any CPU = Debug|Any CPU
		Debug|Mixed Platforms = Debug|Mixed Platforms
		Debug|x86 = Debug|x86
		Release|Any CPU = Release|Any CPU
		Release|Mixed Platforms = Release|Mixed Platforms
		Release|x86 = Release|x86
	EndGlobalSection
	GlobalSection(ProjectConfigurationPlatforms) = postSolution
		{424F6D5B-B075-48BD-921B-0A7A0912209E}.Debug|Any CPU.ActiveCfg = Debug|x86
		{424F6D5B-B075-48BD-921B-0A7A0912209E}.Debug|Mixed Platforms.ActiveCfg = Debug|x86
		{424F6D5B-B075-48BD-921B-0A7A0912209E}.Debug|Mixed Platforms.Build.0 = Debug|x86
		{424F6D5B-B075-48BD-921B-0A7A0912209E}.Debug|x86.ActiveCfg = Debug|x86
		{424F6D5B-B075-48BD-921B-0A7A0912209E}.Debug|x86.Build.0 = Debug|x86
		{424F6D5B-B075-48BD-921B-0A7A0912209E}.Release|Any CPU.ActiveCfg = Release|x86
		{424F6D5B-B075-48BD-921B-0A7A0912209E}.Release|Mixed Platforms.ActiveCfg = Release|x86
		{424F6D5B-B075-48BD-921B-0A7A0912209E}.Release|Mixed Platforms.Build.0 = Release|x86
		{424F6D5B-B075-48BD-921B-0A7A0912209E}.Release|x86.ActiveCfg = Release|x86
		{424F6D5B-B075-48BD-921B-0A7A0912209E}.Release|x86.Build.0 = Release|x86
		{D07C3835-1CAE-4CF1-A26C-4AD80EDBE3B8}.Debug|Any CPU.ActiveCfg = Debug|Any CPU
		{D07C3835-1CAE-4CF1-A26C-4AD80EDBE3B8}.Debug|Any CPU.Build.0 = Debug|Any CPU
		{D07C3835-1CAE-4CF1-A26C-4AD80EDBE3B8}.Debug|Mixed Platforms.ActiveCfg = Debug|Any CPU
		{D07C3835-1CAE-4CF1-A26C-4AD80EDBE3B8}.Debug|Mixed Platforms.Build.0 = Debug|Any CPU
		{D07C3835-1CAE-4CF1-A26C-4AD80EDBE3B8}.Debug|x86.ActiveCfg = Debug|Any CPU
		{D07C3835-1CAE-4CF1-A26C-4AD80EDBE3B8}.Release|Any CPU.ActiveCfg = Release|Any CPU
		{D07C3835-1CAE-4CF1-A26C-4AD80EDBE3B8}.Release|Any CPU.Build.0 = Release|Any CPU
		{D07C3835-1CAE-4CF1-A26C-4AD80EDBE3B8}.Release|Mixed Platforms.ActiveCfg = Release|Any CPU
		{D07C3835-1CAE-4CF1-A26C-4AD80EDBE3B8}.Release|Mixed Platforms.Build.0 = Release|Any CPU
		{D07C3835-1CAE-4CF1-A26C-4AD80EDBE3B8}.Release|x86.ActiveCfg = Release|Any CPU
		{7FF3FCF7-58F2-4AA3-AB60-0496BD300D72}.Debug|Any CPU.ActiveCfg = Debug|x86
		{7FF3FCF7-58F2-4AA3-AB60-0496BD300D72}.Debug|Mixed Platforms.ActiveCfg = Debug|x86
		{7FF3FCF7-58F2-4AA3-AB60-0496BD300D72}.Debug|Mixed Platforms.Build.0 = Debug|x86
		{7FF3FCF7-58F2-4AA3-AB60-0496BD300D72}.Debug|x86.ActiveCfg = Debug|x86
		{7FF3FCF7-58F2-4AA3-AB60-0496BD300D72}.Debug|x86.Build.0 = Debug|x86
		{7FF3FCF7-58F2-4AA3-AB60-0496BD300D72}.Release|Any CPU.ActiveCfg = Release|x86
		{7FF3FCF7-58F2-4AA3-AB60-0496BD300D72}.Release|Mixed Platforms.ActiveCfg = Release|x86
		{7FF3FCF7-58F2-4AA3-AB60-0496BD300D72}.Release|Mixed Platforms.Build.0 = Release|x86
		{7FF3FCF7-58F2-4AA3-AB60-0496BD300D72}.Release|x86.ActiveCfg = Release|x86
		{7FF3FCF7-58F2-4AA3-AB60-0496BD300D72}.Release|x86.Build.0 = Release|x86
		{D23422CD-DBFF-4F2D-96A2-5FF235261A0B}.Debug|Any CPU.ActiveCfg = Debug|Any CPU
		{D23422CD-DBFF-4F2D-96A2-5FF235261A0B}.Debug|Any CPU.Build.0 = Debug|Any CPU
		{D23422CD-DBFF-4F2D-96A2-5FF235261A0B}.Debug|Mixed Platforms.ActiveCfg = Debug|Any CPU
		{D23422CD-DBFF-4F2D-96A2-5FF235261A0B}.Debug|Mixed Platforms.Build.0 = Debug|Any CPU
		{D23422CD-DBFF-4F2D-96A2-5FF235261A0B}.Debug|x86.ActiveCfg = Debug|Any CPU
		{D23422CD-DBFF-4F2D-96A2-5FF235261A0B}.Release|Any CPU.ActiveCfg = Release|Any CPU
		{D23422CD-DBFF-4F2D-96A2-5FF235261A0B}.Release|Any CPU.Build.0 = Release|Any CPU
		{D23422CD-DBFF-4F2D-96A2-5FF235261A0B}.Release|Mixed Platforms.ActiveCfg = Release|Any CPU
		{D23422CD-DBFF-4F2D-96A2-5FF235261A0B}.Release|Mixed Platforms.Build.0 = Release|Any CPU
		{D23422CD-DBFF-4F2D-96A2-5FF235261A0B}.Release|x86.ActiveCfg = Release|Any CPU
		{06823DA6-E8E7-4302-B857-AEABA466036E}.Debug|Any CPU.ActiveCfg = Debug|Any CPU
		{06823DA6-E8E7-4302-B857-AEABA466036E}.Debug|Any CPU.Build.0 = Debug|Any CPU
		{06823DA6-E8E7-4302-B857-AEABA466036E}.Debug|Mixed Platforms.ActiveCfg = Debug|Any CPU
		{06823DA6-E8E7-4302-B857-AEABA466036E}.Debug|Mixed Platforms.Build.0 = Debug|Any CPU
		{06823DA6-E8E7-4302-B857-AEABA466036E}.Debug|x86.ActiveCfg = Debug|Any CPU
		{06823DA6-E8E7-4302-B857-AEABA466036E}.Release|Any CPU.ActiveCfg = Release|Any CPU
		{06823DA6-E8E7-4302-B857-AEABA466036E}.Release|Any CPU.Build.0 = Release|Any CPU
		{06823DA6-E8E7-4302-B857-AEABA466036E}.Release|Mixed Platforms.ActiveCfg = Release|Any CPU
		{06823DA6-E8E7-4302-B857-AEABA466036E}.Release|Mixed Platforms.Build.0 = Release|Any CPU
		{06823DA6-E8E7-4302-B857-AEABA466036E}.Release|x86.ActiveCfg = Release|Any CPU
		{1C547D65-D0E9-46DD-BC8C-1A1B908CE157}.Debug|Any CPU.ActiveCfg = Debug|x86
		{1C547D65-D0E9-46DD-BC8C-1A1B908CE157}.Debug|Mixed Platforms.ActiveCfg = Debug|x86
		{1C547D65-D0E9-46DD-BC8C-1A1B908CE157}.Debug|Mixed Platforms.Build.0 = Debug|x86
		{1C547D65-D0E9-46DD-BC8C-1A1B908CE157}.Debug|x86.ActiveCfg = Debug|x86
		{1C547D65-D0E9-46DD-BC8C-1A1B908CE157}.Debug|x86.Build.0 = Debug|x86
		{1C547D65-D0E9-46DD-BC8C-1A1B908CE157}.Release|Any CPU.ActiveCfg = Release|x86
		{1C547D65-D0E9-46DD-BC8C-1A1B908CE157}.Release|Mixed Platforms.ActiveCfg = Release|x86
		{1C547D65-D0E9-46DD-BC8C-1A1B908CE157}.Release|Mixed Platforms.Build.0 = Release|x86
		{1C547D65-D0E9-46DD-BC8C-1A1B908CE157}.Release|x86.ActiveCfg = Release|x86
		{1C547D65-D0E9-46DD-BC8C-1A1B908CE157}.Release|x86.Build.0 = Release|x86
		{5DA9E20D-6155-40A5-A078-A6ED629DEA29}.Debug|Any CPU.ActiveCfg = Debug|Any CPU
		{5DA9E20D-6155-40A5-A078-A6ED629DEA29}.Debug|Any CPU.Build.0 = Debug|Any CPU
		{5DA9E20D-6155-40A5-A078-A6ED629DEA29}.Debug|Mixed Platforms.ActiveCfg = Debug|Any CPU
		{5DA9E20D-6155-40A5-A078-A6ED629DEA29}.Debug|Mixed Platforms.Build.0 = Debug|Any CPU
		{5DA9E20D-6155-40A5-A078-A6ED629DEA29}.Debug|x86.ActiveCfg = Debug|Any CPU
		{5DA9E20D-6155-40A5-A078-A6ED629DEA29}.Release|Any CPU.ActiveCfg = Release|Any CPU
		{5DA9E20D-6155-40A5-A078-A6ED629DEA29}.Release|Any CPU.Build.0 = Release|Any CPU
		{5DA9E20D-6155-40A5-A078-A6ED629DEA29}.Release|Mixed Platforms.ActiveCfg = Release|Any CPU
		{5DA9E20D-6155-40A5-A078-A6ED629DEA29}.Release|Mixed Platforms.Build.0 = Release|Any CPU
		{5DA9E20D-6155-40A5-A078-A6ED629DEA29}.Release|x86.ActiveCfg = Release|Any CPU
		{FDA552F7-A792-4F4E-AF3A-81626EC4C184}.Debug|Any CPU.ActiveCfg = Debug|x86
		{FDA552F7-A792-4F4E-AF3A-81626EC4C184}.Debug|Mixed Platforms.ActiveCfg = Debug|x86
		{FDA552F7-A792-4F4E-AF3A-81626EC4C184}.Debug|Mixed Platforms.Build.0 = Debug|x86
		{FDA552F7-A792-4F4E-AF3A-81626EC4C184}.Debug|x86.ActiveCfg = Debug|x86
		{FDA552F7-A792-4F4E-AF3A-81626EC4C184}.Debug|x86.Build.0 = Debug|x86
		{FDA552F7-A792-4F4E-AF3A-81626EC4C184}.Release|Any CPU.ActiveCfg = Release|x86
		{FDA552F7-A792-4F4E-AF3A-81626EC4C184}.Release|Mixed Platforms.ActiveCfg = Release|x86
		{FDA552F7-A792-4F4E-AF3A-81626EC4C184}.Release|Mixed Platforms.Build.0 = Release|x86
		{FDA552F7-A792-4F4E-AF3A-81626EC4C184}.Release|x86.ActiveCfg = Release|x86
		{FDA552F7-A792-4F4E-AF3A-81626EC4C184}.Release|x86.Build.0 = Release|x86
		{1FED8D18-0BF6-4DE5-BC58-7C5DA8F5CA2D}.Debug|Any CPU.ActiveCfg = Debug|x86
		{1FED8D18-0BF6-4DE5-BC58-7C5DA8F5CA2D}.Debug|Mixed Platforms.ActiveCfg = Debug|x86
		{1FED8D18-0BF6-4DE5-BC58-7C5DA8F5CA2D}.Debug|Mixed Platforms.Build.0 = Debug|x86
		{1FED8D18-0BF6-4DE5-BC58-7C5DA8F5CA2D}.Debug|x86.ActiveCfg = Debug|x86
		{1FED8D18-0BF6-4DE5-BC58-7C5DA8F5CA2D}.Debug|x86.Build.0 = Debug|x86
		{1FED8D18-0BF6-4DE5-BC58-7C5DA8F5CA2D}.Release|Any CPU.ActiveCfg = Release|x86
		{1FED8D18-0BF6-4DE5-BC58-7C5DA8F5CA2D}.Release|Mixed Platforms.ActiveCfg = Release|x86
		{1FED8D18-0BF6-4DE5-BC58-7C5DA8F5CA2D}.Release|Mixed Platforms.Build.0 = Release|x86
		{1FED8D18-0BF6-4DE5-BC58-7C5DA8F5CA2D}.Release|x86.ActiveCfg = Release|x86
		{1FED8D18-0BF6-4DE5-BC58-7C5DA8F5CA2D}.Release|x86.Build.0 = Release|x86
		{918C3DA9-67DC-43A5-9240-D1D5276447A8}.Debug|Any CPU.ActiveCfg = Debug|Any CPU
		{918C3DA9-67DC-43A5-9240-D1D5276447A8}.Debug|Any CPU.Build.0 = Debug|Any CPU
		{918C3DA9-67DC-43A5-9240-D1D5276447A8}.Debug|Mixed Platforms.ActiveCfg = Debug|Any CPU
		{918C3DA9-67DC-43A5-9240-D1D5276447A8}.Debug|Mixed Platforms.Build.0 = Debug|Any CPU
		{918C3DA9-67DC-43A5-9240-D1D5276447A8}.Debug|x86.ActiveCfg = Debug|Any CPU
		{918C3DA9-67DC-43A5-9240-D1D5276447A8}.Release|Any CPU.ActiveCfg = Release|Any CPU
		{918C3DA9-67DC-43A5-9240-D1D5276447A8}.Release|Any CPU.Build.0 = Release|Any CPU
		{918C3DA9-67DC-43A5-9240-D1D5276447A8}.Release|Mixed Platforms.ActiveCfg = Release|Any CPU
		{918C3DA9-67DC-43A5-9240-D1D5276447A8}.Release|Mixed Platforms.Build.0 = Release|Any CPU
		{918C3DA9-67DC-43A5-9240-D1D5276447A8}.Release|x86.ActiveCfg = Release|Any CPU
		{5E2C2DDE-A08B-45B3-9DD5-5C05FF6A3B07}.Debug|Any CPU.ActiveCfg = Debug|Any CPU
		{5E2C2DDE-A08B-45B3-9DD5-5C05FF6A3B07}.Debug|Any CPU.Build.0 = Debug|Any CPU
		{5E2C2DDE-A08B-45B3-9DD5-5C05FF6A3B07}.Debug|Mixed Platforms.ActiveCfg = Debug|Any CPU
		{5E2C2DDE-A08B-45B3-9DD5-5C05FF6A3B07}.Debug|Mixed Platforms.Build.0 = Debug|Any CPU
		{5E2C2DDE-A08B-45B3-9DD5-5C05FF6A3B07}.Debug|x86.ActiveCfg = Debug|Any CPU
		{5E2C2DDE-A08B-45B3-9DD5-5C05FF6A3B07}.Release|Any CPU.ActiveCfg = Release|Any CPU
		{5E2C2DDE-A08B-45B3-9DD5-5C05FF6A3B07}.Release|Any CPU.Build.0 = Release|Any CPU
		{5E2C2DDE-A08B-45B3-9DD5-5C05FF6A3B07}.Release|Mixed Platforms.ActiveCfg = Release|Any CPU
		{5E2C2DDE-A08B-45B3-9DD5-5C05FF6A3B07}.Release|Mixed Platforms.Build.0 = Release|Any CPU
		{5E2C2DDE-A08B-45B3-9DD5-5C05FF6A3B07}.Release|x86.ActiveCfg = Release|Any CPU
		{4601CFB5-20CE-418E-9DB6-0622E9B38BA1}.Debug|Any CPU.ActiveCfg = Debug|Any CPU
		{4601CFB5-20CE-418E-9DB6-0622E9B38BA1}.Debug|Any CPU.Build.0 = Debug|Any CPU
		{4601CFB5-20CE-418E-9DB6-0622E9B38BA1}.Debug|Mixed Platforms.ActiveCfg = Debug|Any CPU
		{4601CFB5-20CE-418E-9DB6-0622E9B38BA1}.Debug|Mixed Platforms.Build.0 = Debug|Any CPU
		{4601CFB5-20CE-418E-9DB6-0622E9B38BA1}.Debug|x86.ActiveCfg = Debug|Any CPU
		{4601CFB5-20CE-418E-9DB6-0622E9B38BA1}.Release|Any CPU.ActiveCfg = Release|Any CPU
		{4601CFB5-20CE-418E-9DB6-0622E9B38BA1}.Release|Any CPU.Build.0 = Release|Any CPU
		{4601CFB5-20CE-418E-9DB6-0622E9B38BA1}.Release|Mixed Platforms.ActiveCfg = Release|Any CPU
		{4601CFB5-20CE-418E-9DB6-0622E9B38BA1}.Release|Mixed Platforms.Build.0 = Release|Any CPU
		{4601CFB5-20CE-418E-9DB6-0622E9B38BA1}.Release|x86.ActiveCfg = Release|Any CPU
		{1192185D-A16C-401E-8330-1941B7F115CD}.Debug|Any CPU.ActiveCfg = Debug|Any CPU
		{1192185D-A16C-401E-8330-1941B7F115CD}.Debug|Any CPU.Build.0 = Debug|Any CPU
		{1192185D-A16C-401E-8330-1941B7F115CD}.Debug|Mixed Platforms.ActiveCfg = Debug|Any CPU
		{1192185D-A16C-401E-8330-1941B7F115CD}.Debug|Mixed Platforms.Build.0 = Debug|Any CPU
		{1192185D-A16C-401E-8330-1941B7F115CD}.Debug|x86.ActiveCfg = Debug|Any CPU
		{1192185D-A16C-401E-8330-1941B7F115CD}.Release|Any CPU.ActiveCfg = Release|Any CPU
		{1192185D-A16C-401E-8330-1941B7F115CD}.Release|Any CPU.Build.0 = Release|Any CPU
		{1192185D-A16C-401E-8330-1941B7F115CD}.Release|Mixed Platforms.ActiveCfg = Release|Any CPU
		{1192185D-A16C-401E-8330-1941B7F115CD}.Release|Mixed Platforms.Build.0 = Release|Any CPU
		{1192185D-A16C-401E-8330-1941B7F115CD}.Release|x86.ActiveCfg = Release|Any CPU
		{DD55D5D1-AFFC-4825-BBF7-E20230517A7E}.Debug|Any CPU.ActiveCfg = Debug|Any CPU
		{DD55D5D1-AFFC-4825-BBF7-E20230517A7E}.Debug|Any CPU.Build.0 = Debug|Any CPU
		{DD55D5D1-AFFC-4825-BBF7-E20230517A7E}.Debug|Mixed Platforms.ActiveCfg = Debug|Any CPU
		{DD55D5D1-AFFC-4825-BBF7-E20230517A7E}.Debug|Mixed Platforms.Build.0 = Debug|Any CPU
		{DD55D5D1-AFFC-4825-BBF7-E20230517A7E}.Debug|x86.ActiveCfg = Debug|Any CPU
		{DD55D5D1-AFFC-4825-BBF7-E20230517A7E}.Release|Any CPU.ActiveCfg = Release|Any CPU
		{DD55D5D1-AFFC-4825-BBF7-E20230517A7E}.Release|Any CPU.Build.0 = Release|Any CPU
		{DD55D5D1-AFFC-4825-BBF7-E20230517A7E}.Release|Mixed Platforms.ActiveCfg = Release|Any CPU
		{DD55D5D1-AFFC-4825-BBF7-E20230517A7E}.Release|Mixed Platforms.Build.0 = Release|Any CPU
		{DD55D5D1-AFFC-4825-BBF7-E20230517A7E}.Release|x86.ActiveCfg = Release|Any CPU
		{2C15DC6E-501E-4284-9D66-393F67B1AC6C}.Debug|Any CPU.ActiveCfg = Debug|Any CPU
		{2C15DC6E-501E-4284-9D66-393F67B1AC6C}.Debug|Any CPU.Build.0 = Debug|Any CPU
		{2C15DC6E-501E-4284-9D66-393F67B1AC6C}.Debug|Mixed Platforms.ActiveCfg = Debug|Any CPU
		{2C15DC6E-501E-4284-9D66-393F67B1AC6C}.Debug|Mixed Platforms.Build.0 = Debug|Any CPU
		{2C15DC6E-501E-4284-9D66-393F67B1AC6C}.Debug|x86.ActiveCfg = Debug|Any CPU
		{2C15DC6E-501E-4284-9D66-393F67B1AC6C}.Release|Any CPU.ActiveCfg = Release|Any CPU
		{2C15DC6E-501E-4284-9D66-393F67B1AC6C}.Release|Any CPU.Build.0 = Release|Any CPU
		{2C15DC6E-501E-4284-9D66-393F67B1AC6C}.Release|Mixed Platforms.ActiveCfg = Release|Any CPU
		{2C15DC6E-501E-4284-9D66-393F67B1AC6C}.Release|Mixed Platforms.Build.0 = Release|Any CPU
		{2C15DC6E-501E-4284-9D66-393F67B1AC6C}.Release|x86.ActiveCfg = Release|Any CPU
		{8CED80E4-0775-4513-8875-32FB168A4830}.Debug|Any CPU.ActiveCfg = Debug|x86
		{8CED80E4-0775-4513-8875-32FB168A4830}.Debug|Mixed Platforms.ActiveCfg = Debug|x86
		{8CED80E4-0775-4513-8875-32FB168A4830}.Debug|Mixed Platforms.Build.0 = Debug|x86
		{8CED80E4-0775-4513-8875-32FB168A4830}.Debug|x86.ActiveCfg = Debug|x86
		{8CED80E4-0775-4513-8875-32FB168A4830}.Debug|x86.Build.0 = Debug|x86
		{8CED80E4-0775-4513-8875-32FB168A4830}.Release|Any CPU.ActiveCfg = Release|x86
		{8CED80E4-0775-4513-8875-32FB168A4830}.Release|Mixed Platforms.ActiveCfg = Release|x86
		{8CED80E4-0775-4513-8875-32FB168A4830}.Release|Mixed Platforms.Build.0 = Release|x86
		{8CED80E4-0775-4513-8875-32FB168A4830}.Release|x86.ActiveCfg = Release|x86
		{8CED80E4-0775-4513-8875-32FB168A4830}.Release|x86.Build.0 = Release|x86
		{A79D9FD3-3D31-492E-97F2-FF016FFDAE1F}.Debug|Any CPU.ActiveCfg = Debug|x86
		{A79D9FD3-3D31-492E-97F2-FF016FFDAE1F}.Debug|Mixed Platforms.ActiveCfg = Debug|x86
		{A79D9FD3-3D31-492E-97F2-FF016FFDAE1F}.Debug|Mixed Platforms.Build.0 = Debug|x86
		{A79D9FD3-3D31-492E-97F2-FF016FFDAE1F}.Debug|x86.ActiveCfg = Debug|x86
		{A79D9FD3-3D31-492E-97F2-FF016FFDAE1F}.Debug|x86.Build.0 = Debug|x86
		{A79D9FD3-3D31-492E-97F2-FF016FFDAE1F}.Release|Any CPU.ActiveCfg = Release|x86
		{A79D9FD3-3D31-492E-97F2-FF016FFDAE1F}.Release|Mixed Platforms.ActiveCfg = Release|x86
		{A79D9FD3-3D31-492E-97F2-FF016FFDAE1F}.Release|Mixed Platforms.Build.0 = Release|x86
		{A79D9FD3-3D31-492E-97F2-FF016FFDAE1F}.Release|x86.ActiveCfg = Release|x86
		{A79D9FD3-3D31-492E-97F2-FF016FFDAE1F}.Release|x86.Build.0 = Release|x86
		{FA223FCD-4D6C-4C06-9A7A-542E9284EBD6}.Debug|Any CPU.ActiveCfg = Debug|x86
		{FA223FCD-4D6C-4C06-9A7A-542E9284EBD6}.Debug|Mixed Platforms.ActiveCfg = Debug|x86
		{FA223FCD-4D6C-4C06-9A7A-542E9284EBD6}.Debug|Mixed Platforms.Build.0 = Debug|x86
		{FA223FCD-4D6C-4C06-9A7A-542E9284EBD6}.Debug|x86.ActiveCfg = Debug|x86
		{FA223FCD-4D6C-4C06-9A7A-542E9284EBD6}.Debug|x86.Build.0 = Debug|x86
		{FA223FCD-4D6C-4C06-9A7A-542E9284EBD6}.Release|Any CPU.ActiveCfg = Release|x86
		{FA223FCD-4D6C-4C06-9A7A-542E9284EBD6}.Release|Mixed Platforms.ActiveCfg = Release|x86
		{FA223FCD-4D6C-4C06-9A7A-542E9284EBD6}.Release|Mixed Platforms.Build.0 = Release|x86
		{FA223FCD-4D6C-4C06-9A7A-542E9284EBD6}.Release|x86.ActiveCfg = Release|x86
		{FA223FCD-4D6C-4C06-9A7A-542E9284EBD6}.Release|x86.Build.0 = Release|x86
		{C81FB03E-FE2C-40ED-9DC2-FA50E3F65985}.Debug|Any CPU.ActiveCfg = Debug|Any CPU
		{C81FB03E-FE2C-40ED-9DC2-FA50E3F65985}.Debug|Any CPU.Build.0 = Debug|Any CPU
		{C81FB03E-FE2C-40ED-9DC2-FA50E3F65985}.Debug|Mixed Platforms.ActiveCfg = Debug|Any CPU
		{C81FB03E-FE2C-40ED-9DC2-FA50E3F65985}.Debug|Mixed Platforms.Build.0 = Debug|Any CPU
		{C81FB03E-FE2C-40ED-9DC2-FA50E3F65985}.Debug|x86.ActiveCfg = Debug|Any CPU
		{C81FB03E-FE2C-40ED-9DC2-FA50E3F65985}.Release|Any CPU.ActiveCfg = Release|Any CPU
		{C81FB03E-FE2C-40ED-9DC2-FA50E3F65985}.Release|Any CPU.Build.0 = Release|Any CPU
		{C81FB03E-FE2C-40ED-9DC2-FA50E3F65985}.Release|Mixed Platforms.ActiveCfg = Release|Any CPU
		{C81FB03E-FE2C-40ED-9DC2-FA50E3F65985}.Release|Mixed Platforms.Build.0 = Release|Any CPU
		{C81FB03E-FE2C-40ED-9DC2-FA50E3F65985}.Release|x86.ActiveCfg = Release|Any CPU
		{6C3E2801-3132-421F-A2E0-CD12A992FA5E}.Debug|Any CPU.ActiveCfg = Debug|Any CPU
		{6C3E2801-3132-421F-A2E0-CD12A992FA5E}.Debug|Any CPU.Build.0 = Debug|Any CPU
		{6C3E2801-3132-421F-A2E0-CD12A992FA5E}.Debug|Mixed Platforms.ActiveCfg = Debug|Any CPU
		{6C3E2801-3132-421F-A2E0-CD12A992FA5E}.Debug|Mixed Platforms.Build.0 = Debug|Any CPU
		{6C3E2801-3132-421F-A2E0-CD12A992FA5E}.Debug|x86.ActiveCfg = Debug|Any CPU
		{6C3E2801-3132-421F-A2E0-CD12A992FA5E}.Release|Any CPU.ActiveCfg = Release|Any CPU
		{6C3E2801-3132-421F-A2E0-CD12A992FA5E}.Release|Any CPU.Build.0 = Release|Any CPU
		{6C3E2801-3132-421F-A2E0-CD12A992FA5E}.Release|Mixed Platforms.ActiveCfg = Release|Any CPU
		{6C3E2801-3132-421F-A2E0-CD12A992FA5E}.Release|Mixed Platforms.Build.0 = Release|Any CPU
		{6C3E2801-3132-421F-A2E0-CD12A992FA5E}.Release|x86.ActiveCfg = Release|Any CPU
	EndGlobalSection
	GlobalSection(SolutionProperties) = preSolution
		HideSolutionNode = FALSE
	EndGlobalSection
	GlobalSection(NestedProjects) = preSolution
		{F5036284-37CF-48D7-B058-9F444072E331} = {FAA994F4-7DAF-46AB-94A1-CBC0ABF07088}
		{0D6CAFA6-6A51-46B7-9699-9262139413B2} = {FAA994F4-7DAF-46AB-94A1-CBC0ABF07088}
		{D07C3835-1CAE-4CF1-A26C-4AD80EDBE3B8} = {F5036284-37CF-48D7-B058-9F444072E331}
		{424F6D5B-B075-48BD-921B-0A7A0912209E} = {F5036284-37CF-48D7-B058-9F444072E331}
		{D23422CD-DBFF-4F2D-96A2-5FF235261A0B} = {0D6CAFA6-6A51-46B7-9699-9262139413B2}
		{7FF3FCF7-58F2-4AA3-AB60-0496BD300D72} = {0D6CAFA6-6A51-46B7-9699-9262139413B2}
		{CF26A3B0-4191-4280-80BA-8507B3D36C04} = {4A9D7176-6A0E-46BB-8C6E-23CFD7447A58}
		{F953475C-D813-49A5-8260-58C3605AD1E2} = {4A9D7176-6A0E-46BB-8C6E-23CFD7447A58}
		{65C289BC-584C-4703-AB20-089396B989E6} = {4A9D7176-6A0E-46BB-8C6E-23CFD7447A58}
		{1C547D65-D0E9-46DD-BC8C-1A1B908CE157} = {CF26A3B0-4191-4280-80BA-8507B3D36C04}
		{06823DA6-E8E7-4302-B857-AEABA466036E} = {CF26A3B0-4191-4280-80BA-8507B3D36C04}
		{FDA552F7-A792-4F4E-AF3A-81626EC4C184} = {F953475C-D813-49A5-8260-58C3605AD1E2}
		{DD55D5D1-AFFC-4825-BBF7-E20230517A7E} = {F953475C-D813-49A5-8260-58C3605AD1E2}
		{5DA9E20D-6155-40A5-A078-A6ED629DEA29} = {F953475C-D813-49A5-8260-58C3605AD1E2}
		{2C15DC6E-501E-4284-9D66-393F67B1AC6C} = {F953475C-D813-49A5-8260-58C3605AD1E2}
		{918C3DA9-67DC-43A5-9240-D1D5276447A8} = {65C289BC-584C-4703-AB20-089396B989E6}
		{1FED8D18-0BF6-4DE5-BC58-7C5DA8F5CA2D} = {65C289BC-584C-4703-AB20-089396B989E6}
		{8CED80E4-0775-4513-8875-32FB168A4830} = {89BF32A9-C9FE-47D6-9F9C-74253B333F26}
		{5E2C2DDE-A08B-45B3-9DD5-5C05FF6A3B07} = {89BF32A9-C9FE-47D6-9F9C-74253B333F26}
		{E7187253-D402-4E5B-B278-B01C22F2A32E} = {B7D54123-513D-4014-A810-0EFC01D95037}
		{F440AE86-9FF9-49AB-A479-ED2EF092A715} = {B7D54123-513D-4014-A810-0EFC01D95037}
		{7A93F87D-976A-4AFC-A6E1-CD9655AA7EB0} = {B7D54123-513D-4014-A810-0EFC01D95037}
		{89BF32A9-C9FE-47D6-9F9C-74253B333F26} = {B7D54123-513D-4014-A810-0EFC01D95037}
		{FA223FCD-4D6C-4C06-9A7A-542E9284EBD6} = {E7187253-D402-4E5B-B278-B01C22F2A32E}
		{1192185D-A16C-401E-8330-1941B7F115CD} = {E7187253-D402-4E5B-B278-B01C22F2A32E}
		{A79D9FD3-3D31-492E-97F2-FF016FFDAE1F} = {F440AE86-9FF9-49AB-A479-ED2EF092A715}
		{4601CFB5-20CE-418E-9DB6-0622E9B38BA1} = {F440AE86-9FF9-49AB-A479-ED2EF092A715}
		{6C3E2801-3132-421F-A2E0-CD12A992FA5E} = {7A93F87D-976A-4AFC-A6E1-CD9655AA7EB0}
		{C81FB03E-FE2C-40ED-9DC2-FA50E3F65985} = {7A93F87D-976A-4AFC-A6E1-CD9655AA7EB0}
	EndGlobalSection
EndGlobal
