
Microsoft Visual Studio Solution File, Format Version 12.00
# Visual Studio 2013
VisualStudioVersion = 12.0.30501.0
MinimumVisualStudioVersion = 10.0.40219.1
Project("{FAE04EC0-301F-11D3-BF4B-00C04F79EFBC}") = "AplicacaoParaRefactoringCompraEVendaDeAcoes", "AplicacaoParaRefactoringCompraEVendaDeAcoes.csproj", "{115BF767-22BA-41D0-BEB6-327855848394}"
EndProject
Project("{FAE04EC0-301F-11D3-BF4B-00C04F79EFBC}") = "HomeBrokerUnitTests", "..\HomeBrokerUnitTests\HomeBrokerUnitTests.csproj", "{76AECF19-2D0A-4C8B-94A1-70BD16272BA6}"
EndProject
Global
	GlobalSection(SolutionConfigurationPlatforms) = preSolution
		Debug|Any CPU = Debug|Any CPU
		Release|Any CPU = Release|Any CPU
	EndGlobalSection
	GlobalSection(ProjectConfigurationPlatforms) = postSolution
		{115BF767-22BA-41D0-BEB6-327855848394}.Debug|Any CPU.ActiveCfg = Debug|Any CPU
		{115BF767-22BA-41D0-BEB6-327855848394}.Debug|Any CPU.Build.0 = Debug|Any CPU
		{115BF767-22BA-41D0-BEB6-327855848394}.Release|Any CPU.ActiveCfg = Release|Any CPU
		{115BF767-22BA-41D0-BEB6-327855848394}.Release|Any CPU.Build.0 = Release|Any CPU
		{76AECF19-2D0A-4C8B-94A1-70BD16272BA6}.Debug|Any CPU.ActiveCfg = Debug|Any CPU
		{76AECF19-2D0A-4C8B-94A1-70BD16272BA6}.Debug|Any CPU.Build.0 = Debug|Any CPU
		{76AECF19-2D0A-4C8B-94A1-70BD16272BA6}.Release|Any CPU.ActiveCfg = Release|Any CPU
		{76AECF19-2D0A-4C8B-94A1-70BD16272BA6}.Release|Any CPU.Build.0 = Release|Any CPU
	EndGlobalSection
	GlobalSection(SolutionProperties) = preSolution
		HideSolutionNode = FALSE
	EndGlobalSection
EndGlobal
