
Microsoft Visual Studio Solution File, Format Version 12.00
# Visual Studio 2012
Project("{FAE04EC0-301F-11D3-BF4B-00C04F79EFBC}") = "ExemploTDDFizzBuzzTurma2Online", "ExemploTDDFizzBuzzTurma2Online\ExemploTDDFizzBuzzTurma2Online.csproj", "{54BA3AE8-8053-479C-8CA7-39E3EF186452}"
EndProject
Project("{FAE04EC0-301F-11D3-BF4B-00C04F79EFBC}") = "FizzBuzzConsoleApplication", "FizzBuzzConsoleApplication\FizzBuzzConsoleApplication.csproj", "{2CA61490-62B1-4E48-8A92-E67B8C962702}"
EndProject
Global
	GlobalSection(SolutionConfigurationPlatforms) = preSolution
		Debug|Any CPU = Debug|Any CPU
		Release|Any CPU = Release|Any CPU
	EndGlobalSection
	GlobalSection(ProjectConfigurationPlatforms) = postSolution
		{54BA3AE8-8053-479C-8CA7-39E3EF186452}.Debug|Any CPU.ActiveCfg = Debug|Any CPU
		{54BA3AE8-8053-479C-8CA7-39E3EF186452}.Debug|Any CPU.Build.0 = Debug|Any CPU
		{54BA3AE8-8053-479C-8CA7-39E3EF186452}.Release|Any CPU.ActiveCfg = Release|Any CPU
		{54BA3AE8-8053-479C-8CA7-39E3EF186452}.Release|Any CPU.Build.0 = Release|Any CPU
		{2CA61490-62B1-4E48-8A92-E67B8C962702}.Debug|Any CPU.ActiveCfg = Debug|Any CPU
		{2CA61490-62B1-4E48-8A92-E67B8C962702}.Debug|Any CPU.Build.0 = Debug|Any CPU
		{2CA61490-62B1-4E48-8A92-E67B8C962702}.Release|Any CPU.ActiveCfg = Release|Any CPU
		{2CA61490-62B1-4E48-8A92-E67B8C962702}.Release|Any CPU.Build.0 = Release|Any CPU
	EndGlobalSection
	GlobalSection(SolutionProperties) = preSolution
		HideSolutionNode = FALSE
	EndGlobalSection
EndGlobal
