
Microsoft Visual Studio Solution File, Format Version 12.00
# Visual Studio 14
VisualStudioVersion = 14.0.23107.0
MinimumVisualStudioVersion = 10.0.40219.1
Project("{FAE04EC0-301F-11D3-BF4B-00C04F79EFBC}") = "JBSHealthCare", "JBSHealthCare.csproj", "{257BBCD5-8ABE-47A0-80C9-212942346850}"
EndProject
Project("{FAE04EC0-301F-11D3-BF4B-00C04F79EFBC}") = "Testes", "..\TestesUnitarios\Testes.csproj", "{A77E5818-0DFE-4D7A-B708-0DA77BCD6AFD}"
EndProject
Project("{2150E333-8FDC-42A3-9474-1A3956D46DE8}") = "PublishScripts", "PublishScripts", "{505A6515-6942-41C8-B479-AD2486834302}"
	ProjectSection(SolutionItems) = preProject
		PublishScripts\AzureWebsitePublishModule.psm1 = PublishScripts\AzureWebsitePublishModule.psm1
		PublishScripts\Publish-WebApplicationWebsite.ps1 = PublishScripts\Publish-WebApplicationWebsite.ps1
	EndProjectSection
EndProject
Project("{2150E333-8FDC-42A3-9474-1A3956D46DE8}") = "Configurations", "Configurations", "{88703764-96A3-4CA5-BA39-BA24C20514C9}"
	ProjectSection(SolutionItems) = preProject
		PublishScripts\Configurations\WebJBSHealthCare-WAWS-dev.json = PublishScripts\Configurations\WebJBSHealthCare-WAWS-dev.json
	EndProjectSection
EndProject
Project("{FAE04EC0-301F-11D3-BF4B-00C04F79EFBC}") = "WindowsJBSHealthCare", "WindowsJBSHealthCare\WindowsJBSHealthCare.csproj", "{0441AD36-7A80-470D-95CC-D77E1BC52142}"
EndProject
Global
	GlobalSection(SolutionConfigurationPlatforms) = preSolution
		Debug|Any CPU = Debug|Any CPU
		Release|Any CPU = Release|Any CPU
	EndGlobalSection
	GlobalSection(ProjectConfigurationPlatforms) = postSolution
		{257BBCD5-8ABE-47A0-80C9-212942346850}.Debug|Any CPU.ActiveCfg = Debug|Any CPU
		{257BBCD5-8ABE-47A0-80C9-212942346850}.Debug|Any CPU.Build.0 = Debug|Any CPU
		{257BBCD5-8ABE-47A0-80C9-212942346850}.Release|Any CPU.ActiveCfg = Release|Any CPU
		{257BBCD5-8ABE-47A0-80C9-212942346850}.Release|Any CPU.Build.0 = Release|Any CPU
		{A77E5818-0DFE-4D7A-B708-0DA77BCD6AFD}.Debug|Any CPU.ActiveCfg = Debug|Any CPU
		{A77E5818-0DFE-4D7A-B708-0DA77BCD6AFD}.Debug|Any CPU.Build.0 = Debug|Any CPU
		{A77E5818-0DFE-4D7A-B708-0DA77BCD6AFD}.Release|Any CPU.ActiveCfg = Release|Any CPU
		{A77E5818-0DFE-4D7A-B708-0DA77BCD6AFD}.Release|Any CPU.Build.0 = Release|Any CPU
		{0441AD36-7A80-470D-95CC-D77E1BC52142}.Debug|Any CPU.ActiveCfg = Debug|Any CPU
		{0441AD36-7A80-470D-95CC-D77E1BC52142}.Debug|Any CPU.Build.0 = Debug|Any CPU
		{0441AD36-7A80-470D-95CC-D77E1BC52142}.Release|Any CPU.ActiveCfg = Release|Any CPU
		{0441AD36-7A80-470D-95CC-D77E1BC52142}.Release|Any CPU.Build.0 = Release|Any CPU
	EndGlobalSection
	GlobalSection(SolutionProperties) = preSolution
		HideSolutionNode = FALSE
	EndGlobalSection
	GlobalSection(NestedProjects) = preSolution
		{88703764-96A3-4CA5-BA39-BA24C20514C9} = {505A6515-6942-41C8-B479-AD2486834302}
	EndGlobalSection
EndGlobal
